
Microsoft Visual Studio Solution File, Format Version 12.00
# Visual Studio Version 17
VisualStudioVersion = 17.11.35327.3
MinimumVisualStudioVersion = 10.0.40219.1
Project("{FAE04EC0-301F-11D3-BF4B-00C04F79EFBC}") = "TouchiBara", "TouchiBara\TouchiBara.csproj", "{968FFFCF-89C7-4FC6-BF4F-AA1C72924BA6}"
EndProject
Global
	GlobalSection(SolutionConfigurationPlatforms) = preSolution
		Debug|Any CPU = Debug|Any CPU
		Release|Any CPU = Release|Any CPU
	EndGlobalSection
	GlobalSection(ProjectConfigurationPlatforms) = postSolution
		{968FFFCF-89C7-4FC6-BF4F-AA1C72924BA6}.Debug|Any CPU.ActiveCfg = Debug|Any CPU
		{968FFFCF-89C7-4FC6-BF4F-AA1C72924BA6}.Debug|Any CPU.Build.0 = Debug|Any CPU
		{968FFFCF-89C7-4FC6-BF4F-AA1C72924BA6}.Release|Any CPU.ActiveCfg = Release|Any CPU
		{968FFFCF-89C7-4FC6-BF4F-AA1C72924BA6}.Release|Any CPU.Build.0 = Release|Any CPU
	EndGlobalSection
	GlobalSection(SolutionProperties) = preSolution
		HideSolutionNode = FALSE
	EndGlobalSection
	GlobalSection(ExtensibilityGlobals) = postSolution
		SolutionGuid = {87348F51-5650-4FC8-811E-77B53F269DBB}
	EndGlobalSection
EndGlobal
